
Microsoft Visual Studio Solution File, Format Version 12.00
# Visual Studio 2013
VisualStudioVersion = 12.0.30324.0
MinimumVisualStudioVersion = 10.0.40219.1
Project("{8BC9CEB8-8B4A-11D0-8D11-00A0C91BC942}") = "Assignment1", "Assignment1.vcxproj", "{DEA7ADDD-4A5D-44C6-B755-A31E231372F4}"
EndProject
Project("{8BC9CEB8-8B4A-11D0-8D11-00A0C91BC942}") = "easygl", "..\..\easygl\easygl.vcxproj", "{A95A72BD-6838-490F-9365-58EF9B9A86C8}"
EndProject
Project("{8BC9CEB8-8B4A-11D0-8D11-00A0C91BC942}") = "test", "..\..\test\test\test.vcxproj", "{467834D5-2664-42FE-9CDB-4F68A2D6FDC5}"
EndProject
Global
	GlobalSection(SolutionConfigurationPlatforms) = preSolution
		Debug|Win32 = Debug|Win32
		Release|Win32 = Release|Win32
	EndGlobalSection
	GlobalSection(ProjectConfigurationPlatforms) = postSolution
		{DEA7ADDD-4A5D-44C6-B755-A31E231372F4}.Debug|Win32.ActiveCfg = Debug|Win32
		{DEA7ADDD-4A5D-44C6-B755-A31E231372F4}.Debug|Win32.Build.0 = Debug|Win32
		{DEA7ADDD-4A5D-44C6-B755-A31E231372F4}.Release|Win32.ActiveCfg = Release|Win32
		{DEA7ADDD-4A5D-44C6-B755-A31E231372F4}.Release|Win32.Build.0 = Release|Win32
		{A95A72BD-6838-490F-9365-58EF9B9A86C8}.Debug|Win32.ActiveCfg = Debug|Win32
		{A95A72BD-6838-490F-9365-58EF9B9A86C8}.Debug|Win32.Build.0 = Debug|Win32
		{A95A72BD-6838-490F-9365-58EF9B9A86C8}.Release|Win32.ActiveCfg = Release|Win32
		{A95A72BD-6838-490F-9365-58EF9B9A86C8}.Release|Win32.Build.0 = Release|Win32
		{467834D5-2664-42FE-9CDB-4F68A2D6FDC5}.Debug|Win32.ActiveCfg = Debug|Win32
		{467834D5-2664-42FE-9CDB-4F68A2D6FDC5}.Debug|Win32.Build.0 = Debug|Win32
		{467834D5-2664-42FE-9CDB-4F68A2D6FDC5}.Release|Win32.ActiveCfg = Release|Win32
		{467834D5-2664-42FE-9CDB-4F68A2D6FDC5}.Release|Win32.Build.0 = Release|Win32
	EndGlobalSection
	GlobalSection(SolutionProperties) = preSolution
		HideSolutionNode = FALSE
	EndGlobalSection
EndGlobal
